
Microsoft Visual Studio Solution File, Format Version 12.00
# Visual Studio Version 16
VisualStudioVersion = 16.0.30611.23
MinimumVisualStudioVersion = 10.0.40219.1
Project("{888888A0-9F3D-457C-B088-3A5042F75D52}") = "longest_py", "longest_py\longest_py.pyproj", "{10ECEF72-F5ED-4C1D-9B44-F836EDF87D3E}"
EndProject
Global
	GlobalSection(SolutionConfigurationPlatforms) = preSolution
		Debug|Any CPU = Debug|Any CPU
		Release|Any CPU = Release|Any CPU
	EndGlobalSection
	GlobalSection(ProjectConfigurationPlatforms) = postSolution
		{10ECEF72-F5ED-4C1D-9B44-F836EDF87D3E}.Debug|Any CPU.ActiveCfg = Debug|Any CPU
		{10ECEF72-F5ED-4C1D-9B44-F836EDF87D3E}.Release|Any CPU.ActiveCfg = Release|Any CPU
	EndGlobalSection
	GlobalSection(SolutionProperties) = preSolution
		HideSolutionNode = FALSE
	EndGlobalSection
	GlobalSection(ExtensibilityGlobals) = postSolution
		SolutionGuid = {BED2BAA5-6DD3-4E6F-997E-68F2E97645B8}
	EndGlobalSection
EndGlobal
