
Microsoft Visual Studio Solution File, Format Version 12.00
# Visual Studio Version 16
VisualStudioVersion = 16.0.30611.23
MinimumVisualStudioVersion = 10.0.40219.1
Project("{888888A0-9F3D-457C-B088-3A5042F75D52}") = "zamka_py", "zamka_py\zamka_py.pyproj", "{0A815CE1-D6A8-4692-866F-C3B3C93BD6A9}"
EndProject
Global
	GlobalSection(SolutionConfigurationPlatforms) = preSolution
		Debug|Any CPU = Debug|Any CPU
		Release|Any CPU = Release|Any CPU
	EndGlobalSection
	GlobalSection(ProjectConfigurationPlatforms) = postSolution
		{0A815CE1-D6A8-4692-866F-C3B3C93BD6A9}.Debug|Any CPU.ActiveCfg = Debug|Any CPU
		{0A815CE1-D6A8-4692-866F-C3B3C93BD6A9}.Release|Any CPU.ActiveCfg = Release|Any CPU
	EndGlobalSection
	GlobalSection(SolutionProperties) = preSolution
		HideSolutionNode = FALSE
	EndGlobalSection
	GlobalSection(ExtensibilityGlobals) = postSolution
		SolutionGuid = {2BFEF7CF-BB3F-42A9-AA75-25EAC7AC11E9}
	EndGlobalSection
EndGlobal
