
Microsoft Visual Studio Solution File, Format Version 12.00
# Visual Studio Version 16
VisualStudioVersion = 16.0.30611.23
MinimumVisualStudioVersion = 10.0.40219.1
Project("{888888A0-9F3D-457C-B088-3A5042F75D52}") = "tarifa_py", "tarifa_py\tarifa_py.pyproj", "{77FEAC2B-FB35-4275-9063-E33580F6538E}"
EndProject
Global
	GlobalSection(SolutionConfigurationPlatforms) = preSolution
		Debug|Any CPU = Debug|Any CPU
		Release|Any CPU = Release|Any CPU
	EndGlobalSection
	GlobalSection(ProjectConfigurationPlatforms) = postSolution
		{77FEAC2B-FB35-4275-9063-E33580F6538E}.Debug|Any CPU.ActiveCfg = Debug|Any CPU
		{77FEAC2B-FB35-4275-9063-E33580F6538E}.Release|Any CPU.ActiveCfg = Release|Any CPU
	EndGlobalSection
	GlobalSection(SolutionProperties) = preSolution
		HideSolutionNode = FALSE
	EndGlobalSection
	GlobalSection(ExtensibilityGlobals) = postSolution
		SolutionGuid = {0A5A60EE-1851-410B-A2AD-BEBBD7AC8466}
	EndGlobalSection
EndGlobal
