
Microsoft Visual Studio Solution File, Format Version 12.00
# Visual Studio Version 16
VisualStudioVersion = 16.0.30611.23
MinimumVisualStudioVersion = 10.0.40219.1
Project("{888888A0-9F3D-457C-B088-3A5042F75D52}") = "005_recount", "005_recount\005_recount.pyproj", "{082E2748-36A5-490E-BDE1-313B8E5BBF75}"
EndProject
Global
	GlobalSection(SolutionConfigurationPlatforms) = preSolution
		Debug|Any CPU = Debug|Any CPU
		Release|Any CPU = Release|Any CPU
	EndGlobalSection
	GlobalSection(ProjectConfigurationPlatforms) = postSolution
		{082E2748-36A5-490E-BDE1-313B8E5BBF75}.Debug|Any CPU.ActiveCfg = Debug|Any CPU
		{082E2748-36A5-490E-BDE1-313B8E5BBF75}.Release|Any CPU.ActiveCfg = Release|Any CPU
	EndGlobalSection
	GlobalSection(SolutionProperties) = preSolution
		HideSolutionNode = FALSE
	EndGlobalSection
	GlobalSection(ExtensibilityGlobals) = postSolution
		SolutionGuid = {0D7332F5-F0B0-4073-8116-714D69EE6A26}
	EndGlobalSection
EndGlobal
