
Microsoft Visual Studio Solution File, Format Version 12.00
# Visual Studio Version 16
VisualStudioVersion = 16.0.30611.23
MinimumVisualStudioVersion = 10.0.40219.1
Project("{888888A0-9F3D-457C-B088-3A5042F75D52}") = "27_py", "27_py\27_py.pyproj", "{22171250-F43C-40AE-9CCF-65B190ACABBE}"
EndProject
Global
	GlobalSection(SolutionConfigurationPlatforms) = preSolution
		Debug|Any CPU = Debug|Any CPU
		Release|Any CPU = Release|Any CPU
	EndGlobalSection
	GlobalSection(ProjectConfigurationPlatforms) = postSolution
		{22171250-F43C-40AE-9CCF-65B190ACABBE}.Debug|Any CPU.ActiveCfg = Debug|Any CPU
		{22171250-F43C-40AE-9CCF-65B190ACABBE}.Release|Any CPU.ActiveCfg = Release|Any CPU
	EndGlobalSection
	GlobalSection(SolutionProperties) = preSolution
		HideSolutionNode = FALSE
	EndGlobalSection
	GlobalSection(ExtensibilityGlobals) = postSolution
		SolutionGuid = {12251979-1EFA-43DD-8CDC-E5C3C7C169CE}
	EndGlobalSection
EndGlobal
